// !$*UTF8*$!
{
	archiveVersion = 1;
	classes = {
	};
	objectVersion = 50;
	objects = {

/* Begin PBXBuildFile section */
		F8AFA0BF25515D2D0083C30B /* AppDelegate.swift in Sources */ = {isa = PBXBuildFile; fileRef = F8AFA0BE25515D2D0083C30B /* AppDelegate.swift */; };
		F8AFA0C125515D2D0083C30B /* SceneDelegate.swift in Sources */ = {isa = PBXBuildFile; fileRef = F8AFA0C025515D2D0083C30B /* SceneDelegate.swift */; };
		F8AFA0C625515D2D0083C30B /* Main.storyboard in Resources */ = {isa = PBXBuildFile; fileRef = F8AFA0C425515D2D0083C30B /* Main.storyboard */; };
		F8AFA0C825515D2F0083C30B /* Assets.xcassets in Resources */ = {isa = PBXBuildFile; fileRef = F8AFA0C725515D2F0083C30B /* Assets.xcassets */; };
		F8AFA0CB25515D2F0083C30B /* LaunchScreen.storyboard in Resources */ = {isa = PBXBuildFile; fileRef = F8AFA0C925515D2F0083C30B /* LaunchScreen.storyboard */; };
		F8AFA1862553ECFD0083C30B /* Extensions.swift in Sources */ = {isa = PBXBuildFile; fileRef = F8AFA1852553ECFD0083C30B /* Extensions.swift */; };
		F8AFA1892553EE920083C30B /* HomeViewController.swift in Sources */ = {isa = PBXBuildFile; fileRef = F8AFA1882553EE920083C30B /* HomeViewController.swift */; };
/* End PBXBuildFile section */

/* Begin PBXFileReference section */
		F8AFA0BB25515D2D0083C30B /* TodoUIApp.app */ = {isa = PBXFileReference; explicitFileType = wrapper.application; includeInIndex = 0; path = TodoUIApp.app; sourceTree = BUILT_PRODUCTS_DIR; };
		F8AFA0BE25515D2D0083C30B /* AppDelegate.swift */ = {isa = PBXFileReference; lastKnownFileType = sourcecode.swift; path = AppDelegate.swift; sourceTree = "<group>"; };
		F8AFA0C025515D2D0083C30B /* SceneDelegate.swift */ = {isa = PBXFileReference; lastKnownFileType = sourcecode.swift; path = SceneDelegate.swift; sourceTree = "<group>"; };
		F8AFA0C525515D2D0083C30B /* Base */ = {isa = PBXFileReference; lastKnownFileType = file.storyboard; name = Base; path = Base.lproj/Main.storyboard; sourceTree = "<group>"; };
		F8AFA0C725515D2F0083C30B /* Assets.xcassets */ = {isa = PBXFileReference; lastKnownFileType = folder.assetcatalog; path = Assets.xcassets; sourceTree = "<group>"; };
		F8AFA0CA25515D2F0083C30B /* Base */ = {isa = PBXFileReference; lastKnownFileType = file.storyboard; name = Base; path = Base.lproj/LaunchScreen.storyboard; sourceTree = "<group>"; };
		F8AFA0CC25515D2F0083C30B /* Info.plist */ = {isa = PBXFileReference; lastKnownFileType = text.plist.xml; path = Info.plist; sourceTree = "<group>"; };
		F8AFA1852553ECFD0083C30B /* Extensions.swift */ = {isa = PBXFileReference; lastKnownFileType = sourcecode.swift; path = Extensions.swift; sourceTree = "<group>"; };
		F8AFA1882553EE920083C30B /* HomeViewController.swift */ = {isa = PBXFileReference; lastKnownFileType = sourcecode.swift; path = HomeViewController.swift; sourceTree = "<group>"; };
/* End PBXFileReference section */

/* Begin PBXFrameworksBuildPhase section */
		F8AFA0B825515D2D0083C30B /* Frameworks */ = {
			isa = PBXFrameworksBuildPhase;
			buildActionMask = 2147483647;
			files = (
			);
			runOnlyForDeploymentPostprocessing = 0;
		};
/* End PBXFrameworksBuildPhase section */

/* Begin PBXGroup section */
		F8AFA0B225515D2D0083C30B = {
			isa = PBXGroup;
			children = (
				F8AFA0BD25515D2D0083C30B /* TodoUIApp */,
				F8AFA0BC25515D2D0083C30B /* Products */,
			);
			sourceTree = "<group>";
		};
		F8AFA0BC25515D2D0083C30B /* Products */ = {
			isa = PBXGroup;
			children = (
				F8AFA0BB25515D2D0083C30B /* TodoUIApp.app */,
			);
			name = Products;
			sourceTree = "<group>";
		};
		F8AFA0BD25515D2D0083C30B /* TodoUIApp */ = {
			isa = PBXGroup;
			children = (
				F8AFA0D925515E710083C30B /* Resouces */,
				F8AFA0D525515D700083C30B /* Controllers */,
				F8AFA0D425515D660083C30B /* Models */,
				F8AFA0D325515D5C0083C30B /* Views */,
				F8AFA0C725515D2F0083C30B /* Assets.xcassets */,
				F8AFA0CC25515D2F0083C30B /* Info.plist */,
			);
			path = TodoUIApp;
			sourceTree = "<group>";
		};
		F8AFA0D325515D5C0083C30B /* Views */ = {
			isa = PBXGroup;
			children = (
				F8AFA0D725515E390083C30B /* Cells */,
				F8AFA0D625515E220083C30B /* stroryBoards */,
			);
			path = Views;
			sourceTree = "<group>";
		};
		F8AFA0D425515D660083C30B /* Models */ = {
			isa = PBXGroup;
			children = (
			);
			path = Models;
			sourceTree = "<group>";
		};
		F8AFA0D525515D700083C30B /* Controllers */ = {
			isa = PBXGroup;
			children = (
				F8AFA1882553EE920083C30B /* HomeViewController.swift */,
			);
			path = Controllers;
			sourceTree = "<group>";
		};
		F8AFA0D625515E220083C30B /* stroryBoards */ = {
			isa = PBXGroup;
			children = (
				F8AFA0C425515D2D0083C30B /* Main.storyboard */,
				F8AFA0C925515D2F0083C30B /* LaunchScreen.storyboard */,
			);
			path = stroryBoards;
			sourceTree = "<group>";
		};
		F8AFA0D725515E390083C30B /* Cells */ = {
			isa = PBXGroup;
			children = (
			);
			path = Cells;
			sourceTree = "<group>";
		};
		F8AFA0D925515E710083C30B /* Resouces */ = {
			isa = PBXGroup;
			children = (
				F8AFA0C025515D2D0083C30B /* SceneDelegate.swift */,
				F8AFA0BE25515D2D0083C30B /* AppDelegate.swift */,
				F8AFA1852553ECFD0083C30B /* Extensions.swift */,
			);
			path = Resouces;
			sourceTree = "<group>";
		};
/* End PBXGroup section */

/* Begin PBXNativeTarget section */
		F8AFA0BA25515D2D0083C30B /* TodoUIApp */ = {
			isa = PBXNativeTarget;
			buildConfigurationList = F8AFA0CF25515D2F0083C30B /* Build configuration list for PBXNativeTarget "TodoUIApp" */;
			buildPhases = (
				F8AFA0B725515D2D0083C30B /* Sources */,
				F8AFA0B825515D2D0083C30B /* Frameworks */,
				F8AFA0B925515D2D0083C30B /* Resources */,
			);
			buildRules = (
			);
			dependencies = (
			);
			name = TodoUIApp;
			productName = TodoUIApp;
			productReference = F8AFA0BB25515D2D0083C30B /* TodoUIApp.app */;
			productType = "com.apple.product-type.application";
		};
/* End PBXNativeTarget section */

/* Begin PBXProject section */
		F8AFA0B325515D2D0083C30B /* Project object */ = {
			isa = PBXProject;
			attributes = {
				LastSwiftUpdateCheck = 1210;
				LastUpgradeCheck = 1210;
				TargetAttributes = {
					F8AFA0BA25515D2D0083C30B = {
						CreatedOnToolsVersion = 12.1;
					};
				};
			};
			buildConfigurationList = F8AFA0B625515D2D0083C30B /* Build configuration list for PBXProject "TodoUIApp" */;
			compatibilityVersion = "Xcode 9.3";
			developmentRegion = en;
			hasScannedForEncodings = 0;
			knownRegions = (
				en,
				Base,
			);
			mainGroup = F8AFA0B225515D2D0083C30B;
			productRefGroup = F8AFA0BC25515D2D0083C30B /* Products */;
			projectDirPath = "";
			projectRoot = "";
			targets = (
				F8AFA0BA25515D2D0083C30B /* TodoUIApp */,
			);
		};
/* End PBXProject section */

/* Begin PBXResourcesBuildPhase section */
		F8AFA0B925515D2D0083C30B /* Resources */ = {
			isa = PBXResourcesBuildPhase;
			buildActionMask = 2147483647;
			files = (
				F8AFA0CB25515D2F0083C30B /* LaunchScreen.storyboard in Resources */,
				F8AFA0C825515D2F0083C30B /* Assets.xcassets in Resources */,
				F8AFA0C625515D2D0083C30B /* Main.storyboard in Resources */,
			);
			runOnlyForDeploymentPostprocessing = 0;
		};
/* End PBXResourcesBuildPhase section */

/* Begin PBXSourcesBuildPhase section */
		F8AFA0B725515D2D0083C30B /* Sources */ = {
			isa = PBXSourcesBuildPhase;
			buildActionMask = 2147483647;
			files = (
				F8AFA1892553EE920083C30B /* HomeViewController.swift in Sources */,
				F8AFA0BF25515D2D0083C30B /* AppDelegate.swift in Sources */,
				F8AFA0C125515D2D0083C30B /* SceneDelegate.swift in Sources */,
				F8AFA1862553ECFD0083C30B /* Extensions.swift in Sources */,
			);
			runOnlyForDeploymentPostprocessing = 0;
		};
/* End PBXSourcesBuildPhase section */

/* Begin PBXVariantGroup section */
		F8AFA0C425515D2D0083C30B /* Main.storyboard */ = {
			isa = PBXVariantGroup;
			children = (
				F8AFA0C525515D2D0083C30B /* Base */,
			);
			name = Main.storyboard;
			sourceTree = "<group>";
		};
		F8AFA0C925515D2F0083C30B /* LaunchScreen.storyboard */ = {
			isa = PBXVariantGroup;
			children = (
				F8AFA0CA25515D2F0083C30B /* Base */,
			);
			name = LaunchScreen.storyboard;
			sourceTree = "<group>";
		};
/* End PBXVariantGroup section */

/* Begin XCBuildConfiguration section */
		F8AFA0CD25515D2F0083C30B /* Debug */ = {
			isa = XCBuildConfiguration;
			buildSettings = {
				ALWAYS_SEARCH_USER_PATHS = NO;
				CLANG_ANALYZER_NONNULL = YES;
				CLANG_ANALYZER_NUMBER_OBJECT_CONVERSION = YES_AGGRESSIVE;
				CLANG_CXX_LANGUAGE_STANDARD = "gnu++14";
				CLANG_CXX_LIBRARY = "libc++";
				CLANG_ENABLE_MODULES = YES;
				CLANG_ENABLE_OBJC_ARC = YES;
				CLANG_ENABLE_OBJC_WEAK = YES;
				CLANG_WARN_BLOCK_CAPTURE_AUTORELEASING = YES;
				CLANG_WARN_BOOL_CONVERSION = YES;
				CLANG_WARN_COMMA = YES;
				CLANG_WARN_CONSTANT_CONVERSION = YES;
				CLANG_WARN_DEPRECATED_OBJC_IMPLEMENTATIONS = YES;
				CLANG_WARN_DIRECT_OBJC_ISA_USAGE = YES_ERROR;
				CLANG_WARN_DOCUMENTATION_COMMENTS = YES;
				CLANG_WARN_EMPTY_BODY = YES;
				CLANG_WARN_ENUM_CONVERSION = YES;
				CLANG_WARN_INFINITE_RECURSION = YES;
				CLANG_WARN_INT_CONVERSION = YES;
				CLANG_WARN_NON_LITERAL_NULL_CONVERSION = YES;
				CLANG_WARN_OBJC_IMPLICIT_RETAIN_SELF = YES;
				CLANG_WARN_OBJC_LITERAL_CONVERSION = YES;
				CLANG_WARN_OBJC_ROOT_CLASS = YES_ERROR;
				CLANG_WARN_QUOTED_INCLUDE_IN_FRAMEWORK_HEADER = YES;
				CLANG_WARN_RANGE_LOOP_ANALYSIS = YES;
				CLANG_WARN_STRICT_PROTOTYPES = YES;
				CLANG_WARN_SUSPICIOUS_MOVE = YES;
				CLANG_WARN_UNGUARDED_AVAILABILITY = YES_AGGRESSIVE;
				CLANG_WARN_UNREACHABLE_CODE = YES;
				CLANG_WARN__DUPLICATE_METHOD_MATCH = YES;
				COPY_PHASE_STRIP = NO;
				DEBUG_INFORMATION_FORMAT = dwarf;
				ENABLE_STRICT_OBJC_MSGSEND = YES;
				ENABLE_TESTABILITY = YES;
				GCC_C_LANGUAGE_STANDARD = gnu11;
				GCC_DYNAMIC_NO_PIC = NO;
				GCC_NO_COMMON_BLOCKS = YES;
				GCC_OPTIMIZATION_LEVEL = 0;
				GCC_PREPROCESSOR_DEFINITIONS = (
					"DEBUG=1",
					"$(inherited)",
				);
				GCC_WARN_64_TO_32_BIT_CONVERSION = YES;
				GCC_WARN_ABOUT_RETURN_TYPE = YES_ERROR;
				GCC_WARN_UNDECLARED_SELECTOR = YES;
				GCC_WARN_UNINITIALIZED_AUTOS = YES_AGGRESSIVE;
				GCC_WARN_UNUSED_FUNCTION = YES;
				GCC_WARN_UNUSED_VARIABLE = YES;
				IPHONEOS_DEPLOYMENT_TARGET = 14.1;
				MTL_ENABLE_DEBUG_INFO = INCLUDE_SOURCE;
				MTL_FAST_MATH = YES;
				ONLY_ACTIVE_ARCH = YES;
				SDKROOT = iphoneos;
				SWIFT_ACTIVE_COMPILATION_CONDITIONS = DEBUG;
				SWIFT_OPTIMIZATION_LEVEL = "-Onone";
			};
			name = Debug;
		};
		F8AFA0CE25515D2F0083C30B /* Release */ = {
			isa = XCBuildConfiguration;
			buildSettings = {
				ALWAYS_SEARCH_USER_PATHS = NO;
				CLANG_ANALYZER_NONNULL = YES;
				CLANG_ANALYZER_NUMBER_OBJECT_CONVERSION = YES_AGGRESSIVE;
				CLANG_CXX_LANGUAGE_STANDARD = "gnu++14";
				CLANG_CXX_LIBRARY = "libc++";
				CLANG_ENABLE_MODULES = YES;
				CLANG_ENABLE_OBJC_ARC = YES;
				CLANG_ENABLE_OBJC_WEAK = YES;
				CLANG_WARN_BLOCK_CAPTURE_AUTORELEASING = YES;
				CLANG_WARN_BOOL_CONVERSION = YES;
				CLANG_WARN_COMMA = YES;
				CLANG_WARN_CONSTANT_CONVERSION = YES;
				CLANG_WARN_DEPRECATED_OBJC_IMPLEMENTATIONS = YES;
				CLANG_WARN_DIRECT_OBJC_ISA_USAGE = YES_ERROR;
				CLANG_WARN_DOCUMENTATION_COMMENTS = YES;
				CLANG_WARN_EMPTY_BODY = YES;
				CLANG_WARN_ENUM_CONVERSION = YES;
				CLANG_WARN_INFINITE_RECURSION = YES;
				CLANG_WARN_INT_CONVERSION = YES;
				CLANG_WARN_NON_LITERAL_NULL_CONVERSION = YES;
				CLANG_WARN_OBJC_IMPLICIT_RETAIN_SELF = YES;
				CLANG_WARN_OBJC_LITERAL_CONVERSION = YES;
				CLANG_WARN_OBJC_ROOT_CLASS = YES_ERROR;
				CLANG_WARN_QUOTED_INCLUDE_IN_FRAMEWORK_HEADER = YES;
				CLANG_WARN_RANGE_LOOP_ANALYSIS = YES;
				CLANG_WARN_STRICT_PROTOTYPES = YES;
				CLANG_WARN_SUSPICIOUS_MOVE = YES;
				CLANG_WARN_UNGUARDED_AVAILABILITY = YES_AGGRESSIVE;
				CLANG_WARN_UNREACHABLE_CODE = YES;
				CLANG_WARN__DUPLICATE_METHOD_MATCH = YES;
				COPY_PHASE_STRIP = NO;
				DEBUG_INFORMATION_FORMAT = "dwarf-with-dsym";
				ENABLE_NS_ASSERTIONS = NO;
				ENABLE_STRICT_OBJC_MSGSEND = YES;
				GCC_C_LANGUAGE_STANDARD = gnu11;
				GCC_NO_COMMON_BLOCKS = YES;
				GCC_WARN_64_TO_32_BIT_CONVERSION = YES;
				GCC_WARN_ABOUT_RETURN_TYPE = YES_ERROR;
				GCC_WARN_UNDECLARED_SELECTOR = YES;
				GCC_WARN_UNINITIALIZED_AUTOS = YES_AGGRESSIVE;
				GCC_WARN_UNUSED_FUNCTION = YES;
				GCC_WARN_UNUSED_VARIABLE = YES;
				IPHONEOS_DEPLOYMENT_TARGET = 14.1;
				MTL_ENABLE_DEBUG_INFO = NO;
				MTL_FAST_MATH = YES;
				SDKROOT = iphoneos;
				SWIFT_COMPILATION_MODE = wholemodule;
				SWIFT_OPTIMIZATION_LEVEL = "-O";
				VALIDATE_PRODUCT = YES;
			};
			name = Release;
		};
		F8AFA0D025515D2F0083C30B /* Debug */ = {
			isa = XCBuildConfiguration;
			buildSettings = {
				ASSETCATALOG_COMPILER_APPICON_NAME = AppIcon;
				ASSETCATALOG_COMPILER_GLOBAL_ACCENT_COLOR_NAME = AccentColor;
				CODE_SIGN_STYLE = Automatic;
				DEVELOPMENT_TEAM = GBKPZ52HJ9;
				INFOPLIST_FILE = TodoUIApp/Info.plist;
				LD_RUNPATH_SEARCH_PATHS = (
					"$(inherited)",
					"@executable_path/Frameworks",
				);
				PRODUCT_BUNDLE_IDENTIFIER = takuAPP.TodoUIApp;
				PRODUCT_NAME = "$(TARGET_NAME)";
				SWIFT_VERSION = 5.0;
				TARGETED_DEVICE_FAMILY = "1,2";
			};
			name = Debug;
		};
		F8AFA0D125515D2F0083C30B /* Release */ = {
			isa = XCBuildConfiguration;
			buildSettings = {
				ASSETCATALOG_COMPILER_APPICON_NAME = AppIcon;
				ASSETCATALOG_COMPILER_GLOBAL_ACCENT_COLOR_NAME = AccentColor;
				CODE_SIGN_STYLE = Automatic;
				DEVELOPMENT_TEAM = GBKPZ52HJ9;
				INFOPLIST_FILE = TodoUIApp/Info.plist;
				LD_RUNPATH_SEARCH_PATHS = (
					"$(inherited)",
					"@executable_path/Frameworks",
				);
				PRODUCT_BUNDLE_IDENTIFIER = takuAPP.TodoUIApp;
				PRODUCT_NAME = "$(TARGET_NAME)";
				SWIFT_VERSION = 5.0;
				TARGETED_DEVICE_FAMILY = "1,2";
			};
			name = Release;
		};
/* End XCBuildConfiguration section */

/* Begin XCConfigurationList section */
		F8AFA0B625515D2D0083C30B /* Build configuration list for PBXProject "TodoUIApp" */ = {
			isa = XCConfigurationList;
			buildConfigurations = (
				F8AFA0CD25515D2F0083C30B /* Debug */,
				F8AFA0CE25515D2F0083C30B /* Release */,
			);
			defaultConfigurationIsVisible = 0;
			defaultConfigurationName = Release;
		};
		F8AFA0CF25515D2F0083C30B /* Build configuration list for PBXNativeTarget "TodoUIApp" */ = {
			isa = XCConfigurationList;
			buildConfigurations = (
				F8AFA0D025515D2F0083C30B /* Debug */,
				F8AFA0D125515D2F0083C30B /* Release */,
			);
			defaultConfigurationIsVisible = 0;
			defaultConfigurationName = Release;
		};
/* End XCConfigurationList section */
	};
	rootObject = F8AFA0B325515D2D0083C30B /* Project object */;
}
